
Microsoft Visual Studio Solution File, Format Version 12.00
# Visual Studio Version 16
VisualStudioVersion = 16.0.30128.74
MinimumVisualStudioVersion = 10.0.40219.1
Project("{FAE04EC0-301F-11D3-BF4B-00C04F79EFBC}") = "ConversorMoedas", "ConversorMoedas\ConversorMoedas.csproj", "{86C6450A-C2FC-4A1D-99DE-5DED0CD137CD}"
EndProject
Global
	GlobalSection(SolutionConfigurationPlatforms) = preSolution
		Debug|Any CPU = Debug|Any CPU
		Release|Any CPU = Release|Any CPU
	EndGlobalSection
	GlobalSection(ProjectConfigurationPlatforms) = postSolution
		{86C6450A-C2FC-4A1D-99DE-5DED0CD137CD}.Debug|Any CPU.ActiveCfg = Debug|Any CPU
		{86C6450A-C2FC-4A1D-99DE-5DED0CD137CD}.Debug|Any CPU.Build.0 = Debug|Any CPU
		{86C6450A-C2FC-4A1D-99DE-5DED0CD137CD}.Release|Any CPU.ActiveCfg = Release|Any CPU
		{86C6450A-C2FC-4A1D-99DE-5DED0CD137CD}.Release|Any CPU.Build.0 = Release|Any CPU
	EndGlobalSection
	GlobalSection(SolutionProperties) = preSolution
		HideSolutionNode = FALSE
	EndGlobalSection
	GlobalSection(ExtensibilityGlobals) = postSolution
		SolutionGuid = {DD8EEE84-1681-4F73-8F5B-9F7BFF03F46C}
	EndGlobalSection
EndGlobal
